
Microsoft Visual Studio Solution File, Format Version 12.00
# Visual Studio Version 17
VisualStudioVersion = 17.2.32630.192
MinimumVisualStudioVersion = 10.0.40219.1
Project("{FAE04EC0-301F-11D3-BF4B-00C04F79EFBC}") = "test-nlua", "test-nlua.csproj", "{93816CC6-D5F7-4D44-817C-62CD161F31DE}"
EndProject
Global
	GlobalSection(SolutionConfigurationPlatforms) = preSolution
		Debug|Any CPU = Debug|Any CPU
		Release|Any CPU = Release|Any CPU
	EndGlobalSection
	GlobalSection(ProjectConfigurationPlatforms) = postSolution
		{93816CC6-D5F7-4D44-817C-62CD161F31DE}.Debug|Any CPU.ActiveCfg = Debug|Any CPU
		{93816CC6-D5F7-4D44-817C-62CD161F31DE}.Debug|Any CPU.Build.0 = Debug|Any CPU
		{93816CC6-D5F7-4D44-817C-62CD161F31DE}.Release|Any CPU.ActiveCfg = Release|Any CPU
		{93816CC6-D5F7-4D44-817C-62CD161F31DE}.Release|Any CPU.Build.0 = Release|Any CPU
	EndGlobalSection
	GlobalSection(SolutionProperties) = preSolution
		HideSolutionNode = FALSE
	EndGlobalSection
	GlobalSection(ExtensibilityGlobals) = postSolution
		SolutionGuid = {0D280784-9DC8-4C26-8FE5-0DB231975C5E}
	EndGlobalSection
EndGlobal
